// !$*UTF8*$!
{
	archiveVersion = 1;
	classes = {
	};
	objectVersion = 50;
	objects = {

/* Begin PBXBuildFile section */
		956F063126E3935C005E71EF /* FootballChantsApp.swift in Sources */ = {isa = PBXBuildFile; fileRef = 956F063026E3935C005E71EF /* FootballChantsApp.swift */; };
		956F063326E3935C005E71EF /* ContentView.swift in Sources */ = {isa = PBXBuildFile; fileRef = 956F063226E3935C005E71EF /* ContentView.swift */; };
		956F063826E3935E005E71EF /* Preview Assets.xcassets in Resources */ = {isa = PBXBuildFile; fileRef = 956F063726E3935E005E71EF /* Preview Assets.xcassets */; };
		956F064026E3B346005E71EF /* Assets.xcassets in Resources */ = {isa = PBXBuildFile; fileRef = 956F063F26E3B346005E71EF /* Assets.xcassets */; };
		956F065626E3B3EE005E71EF /* burnley.mp3 in Resources */ = {isa = PBXBuildFile; fileRef = 956F064326E3B3EE005E71EF /* burnley.mp3 */; };
		956F065726E3B3EE005E71EF /* newcastle.mp3 in Resources */ = {isa = PBXBuildFile; fileRef = 956F064426E3B3EE005E71EF /* newcastle.mp3 */; };
		956F065826E3B3EE005E71EF /* sheffield.mp3 in Resources */ = {isa = PBXBuildFile; fileRef = 956F064526E3B3EE005E71EF /* sheffield.mp3 */; };
		956F065926E3B3EE005E71EF /* west_brom.mp3 in Resources */ = {isa = PBXBuildFile; fileRef = 956F064626E3B3EE005E71EF /* west_brom.mp3 */; };
		956F065A26E3B3EE005E71EF /* wolves.mp3 in Resources */ = {isa = PBXBuildFile; fileRef = 956F064726E3B3EE005E71EF /* wolves.mp3 */; };
		956F065B26E3B3EE005E71EF /* aston_villa.mp3 in Resources */ = {isa = PBXBuildFile; fileRef = 956F064826E3B3EE005E71EF /* aston_villa.mp3 */; };
		956F065C26E3B3EE005E71EF /* fulham.mp3 in Resources */ = {isa = PBXBuildFile; fileRef = 956F064926E3B3EE005E71EF /* fulham.mp3 */; };
		956F065D26E3B3EE005E71EF /* southampton.mp3 in Resources */ = {isa = PBXBuildFile; fileRef = 956F064A26E3B3EE005E71EF /* southampton.mp3 */; };
		956F065E26E3B3EE005E71EF /* chelsea.mp3 in Resources */ = {isa = PBXBuildFile; fileRef = 956F064B26E3B3EE005E71EF /* chelsea.mp3 */; };
		956F065F26E3B3EE005E71EF /* leeds.mp3 in Resources */ = {isa = PBXBuildFile; fileRef = 956F064C26E3B3EE005E71EF /* leeds.mp3 */; };
		956F066026E3B3EE005E71EF /* palace.mp3 in Resources */ = {isa = PBXBuildFile; fileRef = 956F064D26E3B3EE005E71EF /* palace.mp3 */; };
		956F066126E3B3EE005E71EF /* tottenham.mp3 in Resources */ = {isa = PBXBuildFile; fileRef = 956F064E26E3B3EE005E71EF /* tottenham.mp3 */; };
		956F066226E3B3EE005E71EF /* brighton.mp3 in Resources */ = {isa = PBXBuildFile; fileRef = 956F064F26E3B3EE005E71EF /* brighton.mp3 */; };
		956F066326E3B3EE005E71EF /* leicester.mp3 in Resources */ = {isa = PBXBuildFile; fileRef = 956F065026E3B3EE005E71EF /* leicester.mp3 */; };
		956F066426E3B3EE005E71EF /* manchester_city.mp3 in Resources */ = {isa = PBXBuildFile; fileRef = 956F065126E3B3EE005E71EF /* manchester_city.mp3 */; };
		956F066526E3B3EE005E71EF /* manchester_united.mp3 in Resources */ = {isa = PBXBuildFile; fileRef = 956F065226E3B3EE005E71EF /* manchester_united.mp3 */; };
		956F066626E3B3EE005E71EF /* arsenal.mp3 in Resources */ = {isa = PBXBuildFile; fileRef = 956F065326E3B3EE005E71EF /* arsenal.mp3 */; };
		956F066726E3B3EE005E71EF /* everton.mp3 in Resources */ = {isa = PBXBuildFile; fileRef = 956F065426E3B3EE005E71EF /* everton.mp3 */; };
		956F066826E3B3EE005E71EF /* Teams.swift in Sources */ = {isa = PBXBuildFile; fileRef = 956F065526E3B3EE005E71EF /* Teams.swift */; };
		956F066C26E3B520005E71EF /* Team.swift in Sources */ = {isa = PBXBuildFile; fileRef = 956F066B26E3B520005E71EF /* Team.swift */; };
		956F066E26E3B5FA005E71EF /* Manager.swift in Sources */ = {isa = PBXBuildFile; fileRef = 956F066D26E3B5FA005E71EF /* Manager.swift */; };
		956F067126E3B79D005E71EF /* TeamsViewModel.swift in Sources */ = {isa = PBXBuildFile; fileRef = 956F067026E3B79D005E71EF /* TeamsViewModel.swift */; };
		956F067426E3CF4D005E71EF /* TeamCardViewModifier.swift in Sources */ = {isa = PBXBuildFile; fileRef = 956F067326E3CF4D005E71EF /* TeamCardViewModifier.swift */; };
/* End PBXBuildFile section */

/* Begin PBXFileReference section */
		956F062D26E3935C005E71EF /* FootballChants.app */ = {isa = PBXFileReference; explicitFileType = wrapper.application; includeInIndex = 0; path = FootballChants.app; sourceTree = BUILT_PRODUCTS_DIR; };
		956F063026E3935C005E71EF /* FootballChantsApp.swift */ = {isa = PBXFileReference; lastKnownFileType = sourcecode.swift; path = FootballChantsApp.swift; sourceTree = "<group>"; };
		956F063226E3935C005E71EF /* ContentView.swift */ = {isa = PBXFileReference; lastKnownFileType = sourcecode.swift; path = ContentView.swift; sourceTree = "<group>"; };
		956F063726E3935E005E71EF /* Preview Assets.xcassets */ = {isa = PBXFileReference; lastKnownFileType = folder.assetcatalog; path = "Preview Assets.xcassets"; sourceTree = "<group>"; };
		956F063926E3935E005E71EF /* Info.plist */ = {isa = PBXFileReference; lastKnownFileType = text.plist.xml; path = Info.plist; sourceTree = "<group>"; };
		956F063F26E3B346005E71EF /* Assets.xcassets */ = {isa = PBXFileReference; lastKnownFileType = folder.assetcatalog; path = Assets.xcassets; sourceTree = "<group>"; };
		956F064326E3B3EE005E71EF /* burnley.mp3 */ = {isa = PBXFileReference; lastKnownFileType = audio.mp3; path = burnley.mp3; sourceTree = "<group>"; };
		956F064426E3B3EE005E71EF /* newcastle.mp3 */ = {isa = PBXFileReference; lastKnownFileType = audio.mp3; path = newcastle.mp3; sourceTree = "<group>"; };
		956F064526E3B3EE005E71EF /* sheffield.mp3 */ = {isa = PBXFileReference; lastKnownFileType = audio.mp3; path = sheffield.mp3; sourceTree = "<group>"; };
		956F064626E3B3EE005E71EF /* west_brom.mp3 */ = {isa = PBXFileReference; lastKnownFileType = audio.mp3; path = west_brom.mp3; sourceTree = "<group>"; };
		956F064726E3B3EE005E71EF /* wolves.mp3 */ = {isa = PBXFileReference; lastKnownFileType = audio.mp3; path = wolves.mp3; sourceTree = "<group>"; };
		956F064826E3B3EE005E71EF /* aston_villa.mp3 */ = {isa = PBXFileReference; lastKnownFileType = audio.mp3; path = aston_villa.mp3; sourceTree = "<group>"; };
		956F064926E3B3EE005E71EF /* fulham.mp3 */ = {isa = PBXFileReference; lastKnownFileType = audio.mp3; path = fulham.mp3; sourceTree = "<group>"; };
		956F064A26E3B3EE005E71EF /* southampton.mp3 */ = {isa = PBXFileReference; lastKnownFileType = audio.mp3; path = southampton.mp3; sourceTree = "<group>"; };
		956F064B26E3B3EE005E71EF /* chelsea.mp3 */ = {isa = PBXFileReference; lastKnownFileType = audio.mp3; path = chelsea.mp3; sourceTree = "<group>"; };
		956F064C26E3B3EE005E71EF /* leeds.mp3 */ = {isa = PBXFileReference; lastKnownFileType = audio.mp3; path = leeds.mp3; sourceTree = "<group>"; };
		956F064D26E3B3EE005E71EF /* palace.mp3 */ = {isa = PBXFileReference; lastKnownFileType = audio.mp3; path = palace.mp3; sourceTree = "<group>"; };
		956F064E26E3B3EE005E71EF /* tottenham.mp3 */ = {isa = PBXFileReference; lastKnownFileType = audio.mp3; path = tottenham.mp3; sourceTree = "<group>"; };
		956F064F26E3B3EE005E71EF /* brighton.mp3 */ = {isa = PBXFileReference; lastKnownFileType = audio.mp3; path = brighton.mp3; sourceTree = "<group>"; };
		956F065026E3B3EE005E71EF /* leicester.mp3 */ = {isa = PBXFileReference; lastKnownFileType = audio.mp3; path = leicester.mp3; sourceTree = "<group>"; };
		956F065126E3B3EE005E71EF /* manchester_city.mp3 */ = {isa = PBXFileReference; lastKnownFileType = audio.mp3; path = manchester_city.mp3; sourceTree = "<group>"; };
		956F065226E3B3EE005E71EF /* manchester_united.mp3 */ = {isa = PBXFileReference; lastKnownFileType = audio.mp3; path = manchester_united.mp3; sourceTree = "<group>"; };
		956F065326E3B3EE005E71EF /* arsenal.mp3 */ = {isa = PBXFileReference; lastKnownFileType = audio.mp3; path = arsenal.mp3; sourceTree = "<group>"; };
		956F065426E3B3EE005E71EF /* everton.mp3 */ = {isa = PBXFileReference; lastKnownFileType = audio.mp3; path = everton.mp3; sourceTree = "<group>"; };
		956F065526E3B3EE005E71EF /* Teams.swift */ = {isa = PBXFileReference; fileEncoding = 4; lastKnownFileType = sourcecode.swift; path = Teams.swift; sourceTree = "<group>"; };
		956F066B26E3B520005E71EF /* Team.swift */ = {isa = PBXFileReference; lastKnownFileType = sourcecode.swift; path = Team.swift; sourceTree = "<group>"; };
		956F066D26E3B5FA005E71EF /* Manager.swift */ = {isa = PBXFileReference; lastKnownFileType = sourcecode.swift; path = Manager.swift; sourceTree = "<group>"; };
		956F067026E3B79D005E71EF /* TeamsViewModel.swift */ = {isa = PBXFileReference; fileEncoding = 4; lastKnownFileType = sourcecode.swift; path = TeamsViewModel.swift; sourceTree = "<group>"; };
		956F067326E3CF4D005E71EF /* TeamCardViewModifier.swift */ = {isa = PBXFileReference; lastKnownFileType = sourcecode.swift; path = TeamCardViewModifier.swift; sourceTree = "<group>"; };
/* End PBXFileReference section */

/* Begin PBXFrameworksBuildPhase section */
		956F062A26E3935C005E71EF /* Frameworks */ = {
			isa = PBXFrameworksBuildPhase;
			buildActionMask = 2147483647;
			files = (
			);
			runOnlyForDeploymentPostprocessing = 0;
		};
/* End PBXFrameworksBuildPhase section */

/* Begin PBXGroup section */
		956F062426E3935C005E71EF = {
			isa = PBXGroup;
			children = (
				956F062F26E3935C005E71EF /* FootballChants */,
				956F062E26E3935C005E71EF /* Products */,
			);
			sourceTree = "<group>";
		};
		956F062E26E3935C005E71EF /* Products */ = {
			isa = PBXGroup;
			children = (
				956F062D26E3935C005E71EF /* FootballChants.app */,
			);
			name = Products;
			sourceTree = "<group>";
		};
		956F062F26E3935C005E71EF /* FootballChants */ = {
			isa = PBXGroup;
			children = (
				956F067226E3CF3C005E71EF /* ViewModifier */,
				956F066F26E3B79D005E71EF /* ViewModel */,
				956F066926E3B506005E71EF /* Model */,
				956F064126E3B3EE005E71EF /* Resources */,
				956F063026E3935C005E71EF /* FootballChantsApp.swift */,
				956F063226E3935C005E71EF /* ContentView.swift */,
				956F063926E3935E005E71EF /* Info.plist */,
				956F063F26E3B346005E71EF /* Assets.xcassets */,
				956F063626E3935E005E71EF /* Preview Content */,
			);
			path = FootballChants;
			sourceTree = "<group>";
		};
		956F063626E3935E005E71EF /* Preview Content */ = {
			isa = PBXGroup;
			children = (
				956F063726E3935E005E71EF /* Preview Assets.xcassets */,
			);
			path = "Preview Content";
			sourceTree = "<group>";
		};
		956F064126E3B3EE005E71EF /* Resources */ = {
			isa = PBXGroup;
			children = (
				956F064226E3B3EE005E71EF /* Chants */,
				956F065526E3B3EE005E71EF /* Teams.swift */,
			);
			path = Resources;
			sourceTree = "<group>";
		};
		956F064226E3B3EE005E71EF /* Chants */ = {
			isa = PBXGroup;
			children = (
				956F064326E3B3EE005E71EF /* burnley.mp3 */,
				956F064426E3B3EE005E71EF /* newcastle.mp3 */,
				956F064526E3B3EE005E71EF /* sheffield.mp3 */,
				956F064626E3B3EE005E71EF /* west_brom.mp3 */,
				956F064726E3B3EE005E71EF /* wolves.mp3 */,
				956F064826E3B3EE005E71EF /* aston_villa.mp3 */,
				956F064926E3B3EE005E71EF /* fulham.mp3 */,
				956F064A26E3B3EE005E71EF /* southampton.mp3 */,
				956F064B26E3B3EE005E71EF /* chelsea.mp3 */,
				956F064C26E3B3EE005E71EF /* leeds.mp3 */,
				956F064D26E3B3EE005E71EF /* palace.mp3 */,
				956F064E26E3B3EE005E71EF /* tottenham.mp3 */,
				956F064F26E3B3EE005E71EF /* brighton.mp3 */,
				956F065026E3B3EE005E71EF /* leicester.mp3 */,
				956F065126E3B3EE005E71EF /* manchester_city.mp3 */,
				956F065226E3B3EE005E71EF /* manchester_united.mp3 */,
				956F065326E3B3EE005E71EF /* arsenal.mp3 */,
				956F065426E3B3EE005E71EF /* everton.mp3 */,
			);
			path = Chants;
			sourceTree = "<group>";
		};
		956F066926E3B506005E71EF /* Model */ = {
			isa = PBXGroup;
			children = (
				956F066B26E3B520005E71EF /* Team.swift */,
				956F066D26E3B5FA005E71EF /* Manager.swift */,
			);
			path = Model;
			sourceTree = "<group>";
		};
		956F066F26E3B79D005E71EF /* ViewModel */ = {
			isa = PBXGroup;
			children = (
				956F067026E3B79D005E71EF /* TeamsViewModel.swift */,
			);
			path = ViewModel;
			sourceTree = "<group>";
		};
		956F067226E3CF3C005E71EF /* ViewModifier */ = {
			isa = PBXGroup;
			children = (
				956F067326E3CF4D005E71EF /* TeamCardViewModifier.swift */,
			);
			path = ViewModifier;
			sourceTree = "<group>";
		};
/* End PBXGroup section */

/* Begin PBXNativeTarget section */
		956F062C26E3935C005E71EF /* FootballChants */ = {
			isa = PBXNativeTarget;
			buildConfigurationList = 956F063C26E3935E005E71EF /* Build configuration list for PBXNativeTarget "FootballChants" */;
			buildPhases = (
				956F062926E3935C005E71EF /* Sources */,
				956F062A26E3935C005E71EF /* Frameworks */,
				956F062B26E3935C005E71EF /* Resources */,
			);
			buildRules = (
			);
			dependencies = (
			);
			name = FootballChants;
			productName = FootballChants;
			productReference = 956F062D26E3935C005E71EF /* FootballChants.app */;
			productType = "com.apple.product-type.application";
		};
/* End PBXNativeTarget section */

/* Begin PBXProject section */
		956F062526E3935C005E71EF /* Project object */ = {
			isa = PBXProject;
			attributes = {
				LastSwiftUpdateCheck = 1250;
				LastUpgradeCheck = 1250;
				TargetAttributes = {
					956F062C26E3935C005E71EF = {
						CreatedOnToolsVersion = 12.5.1;
					};
				};
			};
			buildConfigurationList = 956F062826E3935C005E71EF /* Build configuration list for PBXProject "FootballChants" */;
			compatibilityVersion = "Xcode 9.3";
			developmentRegion = en;
			hasScannedForEncodings = 0;
			knownRegions = (
				en,
				Base,
			);
			mainGroup = 956F062426E3935C005E71EF;
			productRefGroup = 956F062E26E3935C005E71EF /* Products */;
			projectDirPath = "";
			projectRoot = "";
			targets = (
				956F062C26E3935C005E71EF /* FootballChants */,
			);
		};
/* End PBXProject section */

/* Begin PBXResourcesBuildPhase section */
		956F062B26E3935C005E71EF /* Resources */ = {
			isa = PBXResourcesBuildPhase;
			buildActionMask = 2147483647;
			files = (
				956F064026E3B346005E71EF /* Assets.xcassets in Resources */,
				956F066526E3B3EE005E71EF /* manchester_united.mp3 in Resources */,
				956F065C26E3B3EE005E71EF /* fulham.mp3 in Resources */,
				956F065B26E3B3EE005E71EF /* aston_villa.mp3 in Resources */,
				956F065E26E3B3EE005E71EF /* chelsea.mp3 in Resources */,
				956F065D26E3B3EE005E71EF /* southampton.mp3 in Resources */,
				956F065726E3B3EE005E71EF /* newcastle.mp3 in Resources */,
				956F063826E3935E005E71EF /* Preview Assets.xcassets in Resources */,
				956F066226E3B3EE005E71EF /* brighton.mp3 in Resources */,
				956F065A26E3B3EE005E71EF /* wolves.mp3 in Resources */,
				956F065F26E3B3EE005E71EF /* leeds.mp3 in Resources */,
				956F066026E3B3EE005E71EF /* palace.mp3 in Resources */,
				956F066326E3B3EE005E71EF /* leicester.mp3 in Resources */,
				956F065926E3B3EE005E71EF /* west_brom.mp3 in Resources */,
				956F066426E3B3EE005E71EF /* manchester_city.mp3 in Resources */,
				956F066126E3B3EE005E71EF /* tottenham.mp3 in Resources */,
				956F066726E3B3EE005E71EF /* everton.mp3 in Resources */,
				956F066626E3B3EE005E71EF /* arsenal.mp3 in Resources */,
				956F065626E3B3EE005E71EF /* burnley.mp3 in Resources */,
				956F065826E3B3EE005E71EF /* sheffield.mp3 in Resources */,
			);
			runOnlyForDeploymentPostprocessing = 0;
		};
/* End PBXResourcesBuildPhase section */

/* Begin PBXSourcesBuildPhase section */
		956F062926E3935C005E71EF /* Sources */ = {
			isa = PBXSourcesBuildPhase;
			buildActionMask = 2147483647;
			files = (
				956F066C26E3B520005E71EF /* Team.swift in Sources */,
				956F066826E3B3EE005E71EF /* Teams.swift in Sources */,
				956F063326E3935C005E71EF /* ContentView.swift in Sources */,
				956F063126E3935C005E71EF /* FootballChantsApp.swift in Sources */,
				956F067426E3CF4D005E71EF /* TeamCardViewModifier.swift in Sources */,
				956F066E26E3B5FA005E71EF /* Manager.swift in Sources */,
				956F067126E3B79D005E71EF /* TeamsViewModel.swift in Sources */,
			);
			runOnlyForDeploymentPostprocessing = 0;
		};
/* End PBXSourcesBuildPhase section */

/* Begin XCBuildConfiguration section */
		956F063A26E3935E005E71EF /* Debug */ = {
			isa = XCBuildConfiguration;
			buildSettings = {
				ALWAYS_SEARCH_USER_PATHS = NO;
				CLANG_ANALYZER_NONNULL = YES;
				CLANG_ANALYZER_NUMBER_OBJECT_CONVERSION = YES_AGGRESSIVE;
				CLANG_CXX_LANGUAGE_STANDARD = "gnu++14";
				CLANG_CXX_LIBRARY = "libc++";
				CLANG_ENABLE_MODULES = YES;
				CLANG_ENABLE_OBJC_ARC = YES;
				CLANG_ENABLE_OBJC_WEAK = YES;
				CLANG_WARN_BLOCK_CAPTURE_AUTORELEASING = YES;
				CLANG_WARN_BOOL_CONVERSION = YES;
				CLANG_WARN_COMMA = YES;
				CLANG_WARN_CONSTANT_CONVERSION = YES;
				CLANG_WARN_DEPRECATED_OBJC_IMPLEMENTATIONS = YES;
				CLANG_WARN_DIRECT_OBJC_ISA_USAGE = YES_ERROR;
				CLANG_WARN_DOCUMENTATION_COMMENTS = YES;
				CLANG_WARN_EMPTY_BODY = YES;
				CLANG_WARN_ENUM_CONVERSION = YES;
				CLANG_WARN_INFINITE_RECURSION = YES;
				CLANG_WARN_INT_CONVERSION = YES;
				CLANG_WARN_NON_LITERAL_NULL_CONVERSION = YES;
				CLANG_WARN_OBJC_IMPLICIT_RETAIN_SELF = YES;
				CLANG_WARN_OBJC_LITERAL_CONVERSION = YES;
				CLANG_WARN_OBJC_ROOT_CLASS = YES_ERROR;
				CLANG_WARN_QUOTED_INCLUDE_IN_FRAMEWORK_HEADER = YES;
				CLANG_WARN_RANGE_LOOP_ANALYSIS = YES;
				CLANG_WARN_STRICT_PROTOTYPES = YES;
				CLANG_WARN_SUSPICIOUS_MOVE = YES;
				CLANG_WARN_UNGUARDED_AVAILABILITY = YES_AGGRESSIVE;
				CLANG_WARN_UNREACHABLE_CODE = YES;
				CLANG_WARN__DUPLICATE_METHOD_MATCH = YES;
				COPY_PHASE_STRIP = NO;
				DEBUG_INFORMATION_FORMAT = dwarf;
				ENABLE_STRICT_OBJC_MSGSEND = YES;
				ENABLE_TESTABILITY = YES;
				GCC_C_LANGUAGE_STANDARD = gnu11;
				GCC_DYNAMIC_NO_PIC = NO;
				GCC_NO_COMMON_BLOCKS = YES;
				GCC_OPTIMIZATION_LEVEL = 0;
				GCC_PREPROCESSOR_DEFINITIONS = (
					"DEBUG=1",
					"$(inherited)",
				);
				GCC_WARN_64_TO_32_BIT_CONVERSION = YES;
				GCC_WARN_ABOUT_RETURN_TYPE = YES_ERROR;
				GCC_WARN_UNDECLARED_SELECTOR = YES;
				GCC_WARN_UNINITIALIZED_AUTOS = YES_AGGRESSIVE;
				GCC_WARN_UNUSED_FUNCTION = YES;
				GCC_WARN_UNUSED_VARIABLE = YES;
				IPHONEOS_DEPLOYMENT_TARGET = 14.3;
				MTL_ENABLE_DEBUG_INFO = INCLUDE_SOURCE;
				MTL_FAST_MATH = YES;
				ONLY_ACTIVE_ARCH = YES;
				SDKROOT = iphoneos;
				SWIFT_ACTIVE_COMPILATION_CONDITIONS = DEBUG;
				SWIFT_OPTIMIZATION_LEVEL = "-Onone";
			};
			name = Debug;
		};
		956F063B26E3935E005E71EF /* Release */ = {
			isa = XCBuildConfiguration;
			buildSettings = {
				ALWAYS_SEARCH_USER_PATHS = NO;
				CLANG_ANALYZER_NONNULL = YES;
				CLANG_ANALYZER_NUMBER_OBJECT_CONVERSION = YES_AGGRESSIVE;
				CLANG_CXX_LANGUAGE_STANDARD = "gnu++14";
				CLANG_CXX_LIBRARY = "libc++";
				CLANG_ENABLE_MODULES = YES;
				CLANG_ENABLE_OBJC_ARC = YES;
				CLANG_ENABLE_OBJC_WEAK = YES;
				CLANG_WARN_BLOCK_CAPTURE_AUTORELEASING = YES;
				CLANG_WARN_BOOL_CONVERSION = YES;
				CLANG_WARN_COMMA = YES;
				CLANG_WARN_CONSTANT_CONVERSION = YES;
				CLANG_WARN_DEPRECATED_OBJC_IMPLEMENTATIONS = YES;
				CLANG_WARN_DIRECT_OBJC_ISA_USAGE = YES_ERROR;
				CLANG_WARN_DOCUMENTATION_COMMENTS = YES;
				CLANG_WARN_EMPTY_BODY = YES;
				CLANG_WARN_ENUM_CONVERSION = YES;
				CLANG_WARN_INFINITE_RECURSION = YES;
				CLANG_WARN_INT_CONVERSION = YES;
				CLANG_WARN_NON_LITERAL_NULL_CONVERSION = YES;
				CLANG_WARN_OBJC_IMPLICIT_RETAIN_SELF = YES;
				CLANG_WARN_OBJC_LITERAL_CONVERSION = YES;
				CLANG_WARN_OBJC_ROOT_CLASS = YES_ERROR;
				CLANG_WARN_QUOTED_INCLUDE_IN_FRAMEWORK_HEADER = YES;
				CLANG_WARN_RANGE_LOOP_ANALYSIS = YES;
				CLANG_WARN_STRICT_PROTOTYPES = YES;
				CLANG_WARN_SUSPICIOUS_MOVE = YES;
				CLANG_WARN_UNGUARDED_AVAILABILITY = YES_AGGRESSIVE;
				CLANG_WARN_UNREACHABLE_CODE = YES;
				CLANG_WARN__DUPLICATE_METHOD_MATCH = YES;
				COPY_PHASE_STRIP = NO;
				DEBUG_INFORMATION_FORMAT = "dwarf-with-dsym";
				ENABLE_NS_ASSERTIONS = NO;
				ENABLE_STRICT_OBJC_MSGSEND = YES;
				GCC_C_LANGUAGE_STANDARD = gnu11;
				GCC_NO_COMMON_BLOCKS = YES;
				GCC_WARN_64_TO_32_BIT_CONVERSION = YES;
				GCC_WARN_ABOUT_RETURN_TYPE = YES_ERROR;
				GCC_WARN_UNDECLARED_SELECTOR = YES;
				GCC_WARN_UNINITIALIZED_AUTOS = YES_AGGRESSIVE;
				GCC_WARN_UNUSED_FUNCTION = YES;
				GCC_WARN_UNUSED_VARIABLE = YES;
				IPHONEOS_DEPLOYMENT_TARGET = 14.3;
				MTL_ENABLE_DEBUG_INFO = NO;
				MTL_FAST_MATH = YES;
				SDKROOT = iphoneos;
				SWIFT_COMPILATION_MODE = wholemodule;
				SWIFT_OPTIMIZATION_LEVEL = "-O";
				VALIDATE_PRODUCT = YES;
			};
			name = Release;
		};
		956F063D26E3935E005E71EF /* Debug */ = {
			isa = XCBuildConfiguration;
			buildSettings = {
				ASSETCATALOG_COMPILER_APPICON_NAME = AppIcon;
				ASSETCATALOG_COMPILER_GLOBAL_ACCENT_COLOR_NAME = AccentColor;
				CODE_SIGN_STYLE = Automatic;
				DEVELOPMENT_ASSET_PATHS = "\"FootballChants/Preview Content\"";
				DEVELOPMENT_TEAM = F27HQ4FLX4;
				ENABLE_PREVIEWS = YES;
				INFOPLIST_FILE = FootballChants/Info.plist;
				IPHONEOS_DEPLOYMENT_TARGET = 14.0;
				LD_RUNPATH_SEARCH_PATHS = (
					"$(inherited)",
					"@executable_path/Frameworks",
				);
				PRODUCT_BUNDLE_IDENTIFIER = com.charlienguyen.FootballChants;
				PRODUCT_NAME = "$(TARGET_NAME)";
				SWIFT_VERSION = 5.0;
				TARGETED_DEVICE_FAMILY = 1;
			};
			name = Debug;
		};
		956F063E26E3935E005E71EF /* Release */ = {
			isa = XCBuildConfiguration;
			buildSettings = {
				ASSETCATALOG_COMPILER_APPICON_NAME = AppIcon;
				ASSETCATALOG_COMPILER_GLOBAL_ACCENT_COLOR_NAME = AccentColor;
				CODE_SIGN_STYLE = Automatic;
				DEVELOPMENT_ASSET_PATHS = "\"FootballChants/Preview Content\"";
				DEVELOPMENT_TEAM = F27HQ4FLX4;
				ENABLE_PREVIEWS = YES;
				INFOPLIST_FILE = FootballChants/Info.plist;
				IPHONEOS_DEPLOYMENT_TARGET = 14.0;
				LD_RUNPATH_SEARCH_PATHS = (
					"$(inherited)",
					"@executable_path/Frameworks",
				);
				PRODUCT_BUNDLE_IDENTIFIER = com.charlienguyen.FootballChants;
				PRODUCT_NAME = "$(TARGET_NAME)";
				SWIFT_VERSION = 5.0;
				TARGETED_DEVICE_FAMILY = 1;
			};
			name = Release;
		};
/* End XCBuildConfiguration section */

/* Begin XCConfigurationList section */
		956F062826E3935C005E71EF /* Build configuration list for PBXProject "FootballChants" */ = {
			isa = XCConfigurationList;
			buildConfigurations = (
				956F063A26E3935E005E71EF /* Debug */,
				956F063B26E3935E005E71EF /* Release */,
			);
			defaultConfigurationIsVisible = 0;
			defaultConfigurationName = Release;
		};
		956F063C26E3935E005E71EF /* Build configuration list for PBXNativeTarget "FootballChants" */ = {
			isa = XCConfigurationList;
			buildConfigurations = (
				956F063D26E3935E005E71EF /* Debug */,
				956F063E26E3935E005E71EF /* Release */,
			);
			defaultConfigurationIsVisible = 0;
			defaultConfigurationName = Release;
		};
/* End XCConfigurationList section */
	};
	rootObject = 956F062526E3935C005E71EF /* Project object */;
}
